
Microsoft Visual Studio Solution File, Format Version 12.00
# Visual Studio Version 16
VisualStudioVersion = 16.0.30907.101
MinimumVisualStudioVersion = 10.0.40219.1
Project("{9A19103F-16F7-4668-BE54-9A1E7A4F7556}") = "StaticExercise1", "StaticExercise1.csproj", "{871D0CE6-8938-48FF-99B4-C1D1F0062161}"
EndProject
Global
	GlobalSection(SolutionConfigurationPlatforms) = preSolution
		Debug|Any CPU = Debug|Any CPU
		Release|Any CPU = Release|Any CPU
	EndGlobalSection
	GlobalSection(ProjectConfigurationPlatforms) = postSolution
		{871D0CE6-8938-48FF-99B4-C1D1F0062161}.Debug|Any CPU.ActiveCfg = Debug|Any CPU
		{871D0CE6-8938-48FF-99B4-C1D1F0062161}.Debug|Any CPU.Build.0 = Debug|Any CPU
		{871D0CE6-8938-48FF-99B4-C1D1F0062161}.Release|Any CPU.ActiveCfg = Release|Any CPU
		{871D0CE6-8938-48FF-99B4-C1D1F0062161}.Release|Any CPU.Build.0 = Release|Any CPU
	EndGlobalSection
	GlobalSection(SolutionProperties) = preSolution
		HideSolutionNode = FALSE
	EndGlobalSection
	GlobalSection(ExtensibilityGlobals) = postSolution
		SolutionGuid = {70F84E32-F3C9-4406-8E78-0269A883F820}
	EndGlobalSection
EndGlobal
